
Microsoft Visual Studio Solution File, Format Version 12.00
# Visual Studio Version 16
VisualStudioVersion = 16.0.30907.101
MinimumVisualStudioVersion = 10.0.40219.1
Project("{FAE04EC0-301F-11D3-BF4B-00C04F79EFBC}") = "UploadImages", "UploadImages\UploadImages.csproj", "{39D3C04F-346B-4086-ABE1-3340BFB52FE6}"
EndProject
Global
	GlobalSection(SolutionConfigurationPlatforms) = preSolution
		Debug|Any CPU = Debug|Any CPU
		Release|Any CPU = Release|Any CPU
	EndGlobalSection
	GlobalSection(ProjectConfigurationPlatforms) = postSolution
		{39D3C04F-346B-4086-ABE1-3340BFB52FE6}.Debug|Any CPU.ActiveCfg = Debug|Any CPU
		{39D3C04F-346B-4086-ABE1-3340BFB52FE6}.Debug|Any CPU.Build.0 = Debug|Any CPU
		{39D3C04F-346B-4086-ABE1-3340BFB52FE6}.Release|Any CPU.ActiveCfg = Release|Any CPU
		{39D3C04F-346B-4086-ABE1-3340BFB52FE6}.Release|Any CPU.Build.0 = Release|Any CPU
	EndGlobalSection
	GlobalSection(SolutionProperties) = preSolution
		HideSolutionNode = FALSE
	EndGlobalSection
	GlobalSection(ExtensibilityGlobals) = postSolution
		SolutionGuid = {B661F64E-9282-448D-AB29-386914487162}
	EndGlobalSection
EndGlobal
